{
  "name": "prodev-mobile-app",
  "lockfileVersion": 3,
  "requires": true,
  "packages": {
    "": {
      "dependencies": {
        "wonka": "^6.3.5"
      }
    },
    "node_modules/wonka": {
      "version": "6.3.5",
      "resolved": "https://registry.npmjs.org/wonka/-/wonka-6.3.5.tgz",
      "integrity": "sha512-SSil+ecw6B4/Dm7Pf2sAshKQ5hWFvfyGlfPbEd6A14dOH6VDjrmbY86u6nZvy9omGwwIPFR8V41+of1EezgoUw==",
      "license": "MIT"
    }
  }
}
